
Microsoft Visual Studio Solution File, Format Version 12.00
# Visual Studio Version 16
VisualStudioVersion = 16.0.28917.181
MinimumVisualStudioVersion = 10.0.40219.1
Project("{FAE04EC0-301F-11D3-BF4B-00C04F79EFBC}") = "NetQD", "src\NetQD\NetQD.csproj", "{690B0386-F0B2-4612-8AEB-B2C1ED546ABE}"
EndProject
Project("{2150E333-8FDC-42A3-9474-1A3956D46DE8}") = "src", "src", "{327703FB-A8BB-4601-B4CB-91AF6F624D5A}"
EndProject
Project("{2150E333-8FDC-42A3-9474-1A3956D46DE8}") = "test", "test", "{DB19B3DE-5CCB-4976-A815-9A5106E1AF51}"
EndProject
Project("{FAE04EC0-301F-11D3-BF4B-00C04F79EFBC}") = "NetQD.Test", "test\NetQD.Test\NetQD.Test.csproj", "{26AB4507-27F5-42B8-AA47-AC5CB8908BC8}"
EndProject
Global
	GlobalSection(SolutionConfigurationPlatforms) = preSolution
		Debug|Any CPU = Debug|Any CPU
		Release|Any CPU = Release|Any CPU
	EndGlobalSection
	GlobalSection(ProjectConfigurationPlatforms) = postSolution
		{690B0386-F0B2-4612-8AEB-B2C1ED546ABE}.Debug|Any CPU.ActiveCfg = Debug|Any CPU
		{690B0386-F0B2-4612-8AEB-B2C1ED546ABE}.Debug|Any CPU.Build.0 = Debug|Any CPU
		{690B0386-F0B2-4612-8AEB-B2C1ED546ABE}.Release|Any CPU.ActiveCfg = Release|Any CPU
		{690B0386-F0B2-4612-8AEB-B2C1ED546ABE}.Release|Any CPU.Build.0 = Release|Any CPU
		{26AB4507-27F5-42B8-AA47-AC5CB8908BC8}.Debug|Any CPU.ActiveCfg = Debug|Any CPU
		{26AB4507-27F5-42B8-AA47-AC5CB8908BC8}.Debug|Any CPU.Build.0 = Debug|Any CPU
		{26AB4507-27F5-42B8-AA47-AC5CB8908BC8}.Release|Any CPU.ActiveCfg = Release|Any CPU
		{26AB4507-27F5-42B8-AA47-AC5CB8908BC8}.Release|Any CPU.Build.0 = Release|Any CPU
	EndGlobalSection
	GlobalSection(SolutionProperties) = preSolution
		HideSolutionNode = FALSE
	EndGlobalSection
	GlobalSection(NestedProjects) = preSolution
		{690B0386-F0B2-4612-8AEB-B2C1ED546ABE} = {327703FB-A8BB-4601-B4CB-91AF6F624D5A}
		{26AB4507-27F5-42B8-AA47-AC5CB8908BC8} = {DB19B3DE-5CCB-4976-A815-9A5106E1AF51}
	EndGlobalSection
	GlobalSection(ExtensibilityGlobals) = postSolution
		SolutionGuid = {E223F01D-8B15-4832-88BC-B120E62D4FD8}
	EndGlobalSection
EndGlobal
